
Microsoft Visual Studio Solution File, Format Version 9.00
# Visual Studio 2005
Project("{FAE04EC0-301F-11D3-BF4B-00C04F79EFBC}") = "Spider", "Spider\Spider.csproj", "{4C1902B4-C1D3-4D80-8502-1805B3EB5D75}"
EndProject
Global
	GlobalSection(SolutionConfigurationPlatforms) = preSolution
		Debug|Any CPU = Debug|Any CPU
		Release|Any CPU = Release|Any CPU
	EndGlobalSection
	GlobalSection(ProjectConfigurationPlatforms) = postSolution
		{4C1902B4-C1D3-4D80-8502-1805B3EB5D75}.Debug|Any CPU.ActiveCfg = Debug|Any CPU
		{4C1902B4-C1D3-4D80-8502-1805B3EB5D75}.Debug|Any CPU.Build.0 = Debug|Any CPU
		{4C1902B4-C1D3-4D80-8502-1805B3EB5D75}.Release|Any CPU.ActiveCfg = Release|Any CPU
		{4C1902B4-C1D3-4D80-8502-1805B3EB5D75}.Release|Any CPU.Build.0 = Release|Any CPU
	EndGlobalSection
	GlobalSection(SolutionProperties) = preSolution
		HideSolutionNode = FALSE
	EndGlobalSection
EndGlobal
